
Microsoft Visual Studio Solution File, Format Version 11.00
# Visual Studio 2010
Project("{FAE04EC0-301F-11D3-BF4B-00C04F79EFBC}") = "MvcApplication4", "MvcApplication4\MvcApplication4.csproj", "{CDBA91B4-6E5A-49E7-8D05-54F76256038A}"
EndProject
Global
	GlobalSection(SolutionConfigurationPlatforms) = preSolution
		Debug|Any CPU = Debug|Any CPU
		Release|Any CPU = Release|Any CPU
	EndGlobalSection
	GlobalSection(ProjectConfigurationPlatforms) = postSolution
		{CDBA91B4-6E5A-49E7-8D05-54F76256038A}.Debug|Any CPU.ActiveCfg = Debug|Any CPU
		{CDBA91B4-6E5A-49E7-8D05-54F76256038A}.Debug|Any CPU.Build.0 = Debug|Any CPU
		{CDBA91B4-6E5A-49E7-8D05-54F76256038A}.Release|Any CPU.ActiveCfg = Release|Any CPU
		{CDBA91B4-6E5A-49E7-8D05-54F76256038A}.Release|Any CPU.Build.0 = Release|Any CPU
	EndGlobalSection
	GlobalSection(SolutionProperties) = preSolution
		HideSolutionNode = FALSE
	EndGlobalSection
EndGlobal
